
Microsoft Visual Studio Solution File, Format Version 12.00
# Visual Studio Version 17
VisualStudioVersion = 17.5.33424.131
MinimumVisualStudioVersion = 10.0.40219.1
Project("{FAE04EC0-301F-11D3-BF4B-00C04F79EFBC}") = "Roman Numbers Converter", "Roman Numbers Converter.csproj", "{A60D0F84-8FB7-4B04-AB54-AD478478D97B}"
EndProject
Global
	GlobalSection(SolutionConfigurationPlatforms) = preSolution
		Debug|Any CPU = Debug|Any CPU
		Release|Any CPU = Release|Any CPU
	EndGlobalSection
	GlobalSection(ProjectConfigurationPlatforms) = postSolution
		{A60D0F84-8FB7-4B04-AB54-AD478478D97B}.Debug|Any CPU.ActiveCfg = Debug|Any CPU
		{A60D0F84-8FB7-4B04-AB54-AD478478D97B}.Debug|Any CPU.Build.0 = Debug|Any CPU
		{A60D0F84-8FB7-4B04-AB54-AD478478D97B}.Release|Any CPU.ActiveCfg = Release|Any CPU
		{A60D0F84-8FB7-4B04-AB54-AD478478D97B}.Release|Any CPU.Build.0 = Release|Any CPU
	EndGlobalSection
	GlobalSection(SolutionProperties) = preSolution
		HideSolutionNode = FALSE
	EndGlobalSection
	GlobalSection(ExtensibilityGlobals) = postSolution
		SolutionGuid = {F5E34941-D82B-49B0-B987-1C50F5423DF9}
	EndGlobalSection
EndGlobal
